<?xml version="1.0" encoding="utf-8"?>
<Project ToolsVersion="4.0" xmlns="http://schemas.microsoft.com/developer/msbuild/2003">
  <ItemGroup>
    <Filter Include="Source Files">
      <UniqueIdentifier>{4FC737F1-C7A5-4376-A066-2A32D752A2FF}</UniqueIdentifier>
      <Extensions>cpp;c;cc;cxx;c++;cppm;ixx;def;odl;idl;hpj;bat;asm;asmx</Extensions>
    </Filter>
    <Filter Include="Header Files">
      <UniqueIdentifier>{93995380-89BD-4b04-88EB-625FBE52EBFB}</UniqueIdentifier>
      <Extensions>h;hh;hpp;hxx;h++;hm;inl;inc;ipp;xsd</Extensions>
    </Filter>
    <Filter Include="Resource Files">
      <UniqueIdentifier>{67DA6AB6-F800-4c08-8B7A-83BB121AAD01}</UniqueIdentifier>
      <Extensions>rc;ico;cur;bmp;dlg;rc2;rct;bin;rgs;gif;jpg;jpeg;jpe;resx;tiff;tif;png;wav;mfcribbon-ms</Extensions>
    </Filter>
  </ItemGroup>
  <ItemGroup>
    <ClInclude Include="itensor\dependencies\unistd1.h">
      <Filter>Header Files</Filter>
    </ClInclude>
    <ClInclude Include="itensor\detail\algs.h">
      <Filter>Header Files</Filter>
    </ClInclude>
    <ClInclude Include="itensor\detail\call_rewrite.h">
      <Filter>Header Files</Filter>
    </ClInclude>
    <ClInclude Include="itensor\detail\gcounter.h">
      <Filter>Header Files</Filter>
    </ClInclude>
    <ClInclude Include="itensor\detail\skip_iterator.h">
      <Filter>Header Files</Filter>
    </ClInclude>
    <ClInclude Include="itensor\itdata\applyfunc.h">
      <Filter>Header Files</Filter>
    </ClInclude>
    <ClInclude Include="itensor\itdata\combiner.h">
      <Filter>Header Files</Filter>
    </ClInclude>
    <ClInclude Include="itensor\itdata\dense.h">
      <Filter>Header Files</Filter>
    </ClInclude>
    <ClInclude Include="itensor\itdata\diag.h">
      <Filter>Header Files</Filter>
    </ClInclude>
    <ClInclude Include="itensor\itdata\dotask.h">
      <Filter>Header Files</Filter>
    </ClInclude>
    <ClInclude Include="itensor\itdata\itdata.h">
      <Filter>Header Files</Filter>
    </ClInclude>
    <ClInclude Include="itensor\itdata\itlazy.h">
      <Filter>Header Files</Filter>
    </ClInclude>
    <ClInclude Include="itensor\itdata\qcombiner.h">
      <Filter>Header Files</Filter>
    </ClInclude>
    <ClInclude Include="itensor\itdata\qdense.h">
      <Filter>Header Files</Filter>
    </ClInclude>
    <ClInclude Include="itensor\itdata\qdiag.h">
      <Filter>Header Files</Filter>
    </ClInclude>
    <ClInclude Include="itensor\itdata\qutil.h">
      <Filter>Header Files</Filter>
    </ClInclude>
    <ClInclude Include="itensor\itdata\returntype.h">
      <Filter>Header Files</Filter>
    </ClInclude>
    <ClInclude Include="itensor\itdata\scalar.h">
      <Filter>Header Files</Filter>
    </ClInclude>
    <ClInclude Include="itensor\itdata\storage_types.h">
      <Filter>Header Files</Filter>
    </ClInclude>
    <ClInclude Include="itensor\itdata\synchronized.h">
      <Filter>Header Files</Filter>
    </ClInclude>
    <ClInclude Include="itensor\itdata\task_types.h">
      <Filter>Header Files</Filter>
    </ClInclude>
    <ClInclude Include="itensor\mps\lattice\latticebond.h">
      <Filter>Header Files</Filter>
    </ClInclude>
    <ClInclude Include="itensor\mps\lattice\square.h">
      <Filter>Header Files</Filter>
    </ClInclude>
    <ClInclude Include="itensor\mps\lattice\triangular.h">
      <Filter>Header Files</Filter>
    </ClInclude>
    <ClInclude Include="itensor\mps\sites\boson.h">
      <Filter>Header Files</Filter>
    </ClInclude>
    <ClInclude Include="itensor\mps\sites\customspin.h">
      <Filter>Header Files</Filter>
    </ClInclude>
    <ClInclude Include="itensor\mps\sites\electron.h">
      <Filter>Header Files</Filter>
    </ClInclude>
    <ClInclude Include="itensor\mps\sites\fermion.h">
      <Filter>Header Files</Filter>
    </ClInclude>
    <ClInclude Include="itensor\mps\sites\spinhalf.h">
      <Filter>Header Files</Filter>
    </ClInclude>
    <ClInclude Include="itensor\mps\sites\spinone.h">
      <Filter>Header Files</Filter>
    </ClInclude>
    <ClInclude Include="itensor\mps\sites\spintwo.h">
      <Filter>Header Files</Filter>
    </ClInclude>
    <ClInclude Include="itensor\mps\sites\tj.h">
      <Filter>Header Files</Filter>
    </ClInclude>
    <ClInclude Include="itensor\mps\sites\Z3.h">
      <Filter>Header Files</Filter>
    </ClInclude>
    <ClInclude Include="itensor\mps\autompo.h">
      <Filter>Header Files</Filter>
    </ClInclude>
    <ClInclude Include="itensor\mps\bondgate.h">
      <Filter>Header Files</Filter>
    </ClInclude>
    <ClInclude Include="itensor\mps\dmrg.h">
      <Filter>Header Files</Filter>
    </ClInclude>
    <ClInclude Include="itensor\mps\DMRGObserver.h">
      <Filter>Header Files</Filter>
    </ClInclude>
    <ClInclude Include="itensor\mps\hambuilder.h">
      <Filter>Header Files</Filter>
    </ClInclude>
    <ClInclude Include="itensor\mps\integrators.h">
      <Filter>Header Files</Filter>
    </ClInclude>
    <ClInclude Include="itensor\mps\localmpo.h">
      <Filter>Header Files</Filter>
    </ClInclude>
    <ClInclude Include="itensor\mps\localmpo_mps.h">
      <Filter>Header Files</Filter>
    </ClInclude>
    <ClInclude Include="itensor\mps\localmposet.h">
      <Filter>Header Files</Filter>
    </ClInclude>
    <ClInclude Include="itensor\mps\localop.h">
      <Filter>Header Files</Filter>
    </ClInclude>
    <ClInclude Include="itensor\mps\mpo.h">
      <Filter>Header Files</Filter>
    </ClInclude>
    <ClInclude Include="itensor\mps\mps.h">
      <Filter>Header Files</Filter>
    </ClInclude>
    <ClInclude Include="itensor\mps\mps_impl.h">
      <Filter>Header Files</Filter>
    </ClInclude>
    <ClInclude Include="itensor\mps\observer.h">
      <Filter>Header Files</Filter>
    </ClInclude>
    <ClInclude Include="itensor\mps\siteset.h">
      <Filter>Header Files</Filter>
    </ClInclude>
    <ClInclude Include="itensor\mps\sweeps.h">
      <Filter>Header Files</Filter>
    </ClInclude>
    <ClInclude Include="itensor\mps\tevol.h">
      <Filter>Header Files</Filter>
    </ClInclude>
    <ClInclude Include="itensor\mps\TEvolObserver.h">
      <Filter>Header Files</Filter>
    </ClInclude>
    <ClInclude Include="itensor\tensor\algs.h">
      <Filter>Header Files</Filter>
    </ClInclude>
    <ClInclude Include="itensor\tensor\algs_impl.h">
      <Filter>Header Files</Filter>
    </ClInclude>
    <ClInclude Include="itensor\tensor\contract.h">
      <Filter>Header Files</Filter>
    </ClInclude>
    <ClInclude Include="itensor\tensor\contract_impl.h">
      <Filter>Header Files</Filter>
    </ClInclude>
    <ClInclude Include="itensor\tensor\lapack_wrap.h">
      <Filter>Header Files</Filter>
    </ClInclude>
    <ClInclude Include="itensor\tensor\mat.h">
      <Filter>Header Files</Filter>
    </ClInclude>
    <ClInclude Include="itensor\tensor\mat_impl.h">
      <Filter>Header Files</Filter>
    </ClInclude>
    <ClInclude Include="itensor\tensor\matrange.h">
      <Filter>Header Files</Filter>
    </ClInclude>
    <ClInclude Include="itensor\tensor\permutation.h">
      <Filter>Header Files</Filter>
    </ClInclude>
    <ClInclude Include="itensor\tensor\range.h">
      <Filter>Header Files</Filter>
    </ClInclude>
    <ClInclude Include="itensor\tensor\rangeiter.h">
      <Filter>Header Files</Filter>
    </ClInclude>
    <ClInclude Include="itensor\tensor\slicemat.h">
      <Filter>Header Files</Filter>
    </ClInclude>
    <ClInclude Include="itensor\tensor\slicerange.h">
      <Filter>Header Files</Filter>
    </ClInclude>
    <ClInclude Include="itensor\tensor\sliceten.h">
      <Filter>Header Files</Filter>
    </ClInclude>
    <ClInclude Include="itensor\tensor\ten.h">
      <Filter>Header Files</Filter>
    </ClInclude>
    <ClInclude Include="itensor\tensor\ten_impl.h">
      <Filter>Header Files</Filter>
    </ClInclude>
    <ClInclude Include="itensor\tensor\teniter.h">
      <Filter>Header Files</Filter>
    </ClInclude>
    <ClInclude Include="itensor\tensor\types.h">
      <Filter>Header Files</Filter>
    </ClInclude>
    <ClInclude Include="itensor\tensor\vec.h">
      <Filter>Header Files</Filter>
    </ClInclude>
    <ClInclude Include="itensor\tensor\vecrange.h">
      <Filter>Header Files</Filter>
    </ClInclude>
    <ClInclude Include="itensor\util\args.h">
      <Filter>Header Files</Filter>
    </ClInclude>
    <ClInclude Include="itensor\util\autovector.h">
      <Filter>Header Files</Filter>
    </ClInclude>
    <ClInclude Include="itensor\util\cplx_literal.h">
      <Filter>Header Files</Filter>
    </ClInclude>
    <ClInclude Include="itensor\util\cputime.h">
      <Filter>Header Files</Filter>
    </ClInclude>
    <ClInclude Include="itensor\util\error.h">
      <Filter>Header Files</Filter>
    </ClInclude>
    <ClInclude Include="itensor\util\flstring.h">
      <Filter>Header Files</Filter>
    </ClInclude>
    <ClInclude Include="itensor\util\infarray.h">
      <Filter>Header Files</Filter>
    </ClInclude>
    <ClInclude Include="itensor\util\input.h">
      <Filter>Header Files</Filter>
    </ClInclude>
    <ClInclude Include="itensor\util\iterate.h">
      <Filter>Header Files</Filter>
    </ClInclude>
    <ClInclude Include="itensor\util\itertools.h">
      <Filter>Header Files</Filter>
    </ClInclude>
    <ClInclude Include="itensor\util\multalloc.h">
      <Filter>Header Files</Filter>
    </ClInclude>
    <ClInclude Include="itensor\util\optional_ptr.h">
      <Filter>Header Files</Filter>
    </ClInclude>
    <ClInclude Include="itensor\util\parallel.h">
      <Filter>Header Files</Filter>
    </ClInclude>
    <ClInclude Include="itensor\util\print.h">
      <Filter>Header Files</Filter>
    </ClInclude>
    <ClInclude Include="itensor\util\print_macro.h">
      <Filter>Header Files</Filter>
    </ClInclude>
    <ClInclude Include="itensor\util\readwrite.h">
      <Filter>Header Files</Filter>
    </ClInclude>
    <ClInclude Include="itensor\util\safe_ptr.h">
      <Filter>Header Files</Filter>
    </ClInclude>
    <ClInclude Include="itensor\util\set_scoped.h">
      <Filter>Header Files</Filter>
    </ClInclude>
    <ClInclude Include="itensor\util\static_count.h">
      <Filter>Header Files</Filter>
    </ClInclude>
    <ClInclude Include="itensor\util\stats.h">
      <Filter>Header Files</Filter>
    </ClInclude>
    <ClInclude Include="itensor\util\stdx.h">
      <Filter>Header Files</Filter>
    </ClInclude>
    <ClInclude Include="itensor\util\str.h">
      <Filter>Header Files</Filter>
    </ClInclude>
    <ClInclude Include="itensor\util\tensorstats.h">
      <Filter>Header Files</Filter>
    </ClInclude>
    <ClInclude Include="itensor\util\timers.h">
      <Filter>Header Files</Filter>
    </ClInclude>
    <ClInclude Include="itensor\util\tinyformat.h">
      <Filter>Header Files</Filter>
    </ClInclude>
    <ClInclude Include="itensor\util\typelist.h">
      <Filter>Header Files</Filter>
    </ClInclude>
    <ClInclude Include="itensor\util\vararray.h">
      <Filter>Header Files</Filter>
    </ClInclude>
    <ClInclude Include="itensor\util\vector_no_init.h">
      <Filter>Header Files</Filter>
    </ClInclude>
    <ClInclude Include="itensor\all.h">
      <Filter>Header Files</Filter>
    </ClInclude>
    <ClInclude Include="itensor\all_basic.h">
      <Filter>Header Files</Filter>
    </ClInclude>
    <ClInclude Include="itensor\all_mps.h">
      <Filter>Header Files</Filter>
    </ClInclude>
    <ClInclude Include="itensor\arrow.h">
      <Filter>Header Files</Filter>
    </ClInclude>
    <ClInclude Include="itensor\config.h">
      <Filter>Header Files</Filter>
    </ClInclude>
    <ClInclude Include="itensor\core.h">
      <Filter>Header Files</Filter>
    </ClInclude>
    <ClInclude Include="itensor\decomp.h">
      <Filter>Header Files</Filter>
    </ClInclude>
    <ClInclude Include="itensor\decomp_impl.h">
      <Filter>Header Files</Filter>
    </ClInclude>
    <ClInclude Include="itensor\global.h">
      <Filter>Header Files</Filter>
    </ClInclude>
    <ClInclude Include="itensor\index.h">
      <Filter>Header Files</Filter>
    </ClInclude>
    <ClInclude Include="itensor\index_impl.h">
      <Filter>Header Files</Filter>
    </ClInclude>
    <ClInclude Include="itensor\indexset.h">
      <Filter>Header Files</Filter>
    </ClInclude>
    <ClInclude Include="itensor\indexset_impl.h">
      <Filter>Header Files</Filter>
    </ClInclude>
    <ClInclude Include="itensor\itensor.h">
      <Filter>Header Files</Filter>
    </ClInclude>
    <ClInclude Include="itensor\itensor_impl.h">
      <Filter>Header Files</Filter>
    </ClInclude>
    <ClInclude Include="itensor\iterativesolvers.h">
      <Filter>Header Files</Filter>
    </ClInclude>
    <ClInclude Include="itensor\qn.h">
      <Filter>Header Files</Filter>
    </ClInclude>
    <ClInclude Include="itensor\real.h">
      <Filter>Header Files</Filter>
    </ClInclude>
    <ClInclude Include="itensor\smallstring.h">
      <Filter>Header Files</Filter>
    </ClInclude>
    <ClInclude Include="itensor\spectrum.h">
      <Filter>Header Files</Filter>
    </ClInclude>
    <ClInclude Include="itensor\tagset.h">
      <Filter>Header Files</Filter>
    </ClInclude>
    <ClInclude Include="itensor\types.h">
      <Filter>Header Files</Filter>
    </ClInclude>
    <ClInclude Include="unistd.h">
      <Filter>Header Files</Filter>
    </ClInclude>
    <ClInclude Include="itensor\util\h5\array_interface.hpp">
      <Filter>Header Files</Filter>
    </ClInclude>
    <ClInclude Include="itensor\util\h5\base.hpp">
      <Filter>Header Files</Filter>
    </ClInclude>
    <ClInclude Include="itensor\util\h5\base_public.hpp">
      <Filter>Header Files</Filter>
    </ClInclude>
    <ClInclude Include="itensor\util\h5\format.hpp">
      <Filter>Header Files</Filter>
    </ClInclude>
    <ClInclude Include="itensor\util\h5\generic.hpp">
      <Filter>Header Files</Filter>
    </ClInclude>
    <ClInclude Include="itensor\util\h5\group.hpp">
      <Filter>Header Files</Filter>
    </ClInclude>
    <ClInclude Include="itensor\util\h5\h5object.hpp">
      <Filter>Header Files</Filter>
    </ClInclude>
    <ClInclude Include="itensor\util\h5\macros.hpp">
      <Filter>Header Files</Filter>
    </ClInclude>
    <ClInclude Include="itensor\util\h5\scalar.hpp">
      <Filter>Header Files</Filter>
    </ClInclude>
    <ClInclude Include="itensor\util\h5\serialization.hpp">
      <Filter>Header Files</Filter>
    </ClInclude>
    <ClInclude Include="itensor\util\h5\wrap_h5.hpp">
      <Filter>Header Files</Filter>
    </ClInclude>
    <ClInclude Include="itensor\util\h5\std_addons\complex.hpp">
      <Filter>Header Files</Filter>
    </ClInclude>
    <ClInclude Include="itensor\util\h5\stl\map.hpp">
      <Filter>Header Files</Filter>
    </ClInclude>
    <ClInclude Include="itensor\util\h5\stl\optional.hpp">
      <Filter>Header Files</Filter>
    </ClInclude>
    <ClInclude Include="itensor\util\h5\stl\pair.hpp">
      <Filter>Header Files</Filter>
    </ClInclude>
    <ClInclude Include="itensor\util\h5\stl\string.hpp">
      <Filter>Header Files</Filter>
    </ClInclude>
    <ClInclude Include="itensor\util\h5\stl\tuple.hpp">
      <Filter>Header Files</Filter>
    </ClInclude>
    <ClInclude Include="itensor\util\h5\stl\variant.hpp">
      <Filter>Header Files</Filter>
    </ClInclude>
    <ClInclude Include="itensor\util\h5\stl\vector.hpp">
      <Filter>Header Files</Filter>
    </ClInclude>
  </ItemGroup>
  <ItemGroup>
    <ClCompile Include="itensor\itdata\combiner.cc">
      <Filter>Source Files</Filter>
    </ClCompile>
    <ClCompile Include="itensor\itdata\dense.cc">
      <Filter>Source Files</Filter>
    </ClCompile>
    <ClCompile Include="itensor\itdata\diag.cc">
      <Filter>Source Files</Filter>
    </ClCompile>
    <ClCompile Include="itensor\itdata\qcombiner.cc">
      <Filter>Source Files</Filter>
    </ClCompile>
    <ClCompile Include="itensor\itdata\qdense.cc">
      <Filter>Source Files</Filter>
    </ClCompile>
    <ClCompile Include="itensor\itdata\qdiag.cc">
      <Filter>Source Files</Filter>
    </ClCompile>
    <ClCompile Include="itensor\itdata\scalar.cc">
      <Filter>Source Files</Filter>
    </ClCompile>
    <ClCompile Include="itensor\mps\autompo.cc">
      <Filter>Source Files</Filter>
    </ClCompile>
    <ClCompile Include="itensor\mps\mpo.cc">
      <Filter>Source Files</Filter>
    </ClCompile>
    <ClCompile Include="itensor\mps\mpoalgs.cc">
      <Filter>Source Files</Filter>
    </ClCompile>
    <ClCompile Include="itensor\mps\mps.cc">
      <Filter>Source Files</Filter>
    </ClCompile>
    <ClCompile Include="itensor\mps\mpsalgs.cc">
      <Filter>Source Files</Filter>
    </ClCompile>
    <ClCompile Include="itensor\tensor\algs.cc">
      <Filter>Source Files</Filter>
    </ClCompile>
    <ClCompile Include="itensor\tensor\contract.cc">
      <Filter>Source Files</Filter>
    </ClCompile>
    <ClCompile Include="itensor\tensor\gemm.cc">
      <Filter>Source Files</Filter>
    </ClCompile>
    <ClCompile Include="itensor\tensor\lapack_wrap.cc">
      <Filter>Source Files</Filter>
    </ClCompile>
    <ClCompile Include="itensor\tensor\mat.cc">
      <Filter>Source Files</Filter>
    </ClCompile>
    <ClCompile Include="itensor\tensor\vec.cc">
      <Filter>Source Files</Filter>
    </ClCompile>
    <ClCompile Include="itensor\util\args.cc">
      <Filter>Source Files</Filter>
    </ClCompile>
    <ClCompile Include="itensor\util\cputime.cc">
      <Filter>Source Files</Filter>
    </ClCompile>
    <ClCompile Include="itensor\util\input.cc">
      <Filter>Source Files</Filter>
    </ClCompile>
    <ClCompile Include="itensor\decomp.cc">
      <Filter>Source Files</Filter>
    </ClCompile>
    <ClCompile Include="itensor\global.cc">
      <Filter>Source Files</Filter>
    </ClCompile>
    <ClCompile Include="itensor\hermitian.cc">
      <Filter>Source Files</Filter>
    </ClCompile>
    <ClCompile Include="itensor\index.cc">
      <Filter>Source Files</Filter>
    </ClCompile>
    <ClCompile Include="itensor\indexset.cc">
      <Filter>Source Files</Filter>
    </ClCompile>
    <ClCompile Include="itensor\itensor.cc">
      <Filter>Source Files</Filter>
    </ClCompile>
    <ClCompile Include="itensor\qn.cc">
      <Filter>Source Files</Filter>
    </ClCompile>
    <ClCompile Include="itensor\spectrum.cc">
      <Filter>Source Files</Filter>
    </ClCompile>
    <ClCompile Include="itensor\svd.cc">
      <Filter>Source Files</Filter>
    </ClCompile>
    <ClCompile Include="itensor\tagset.cc">
      <Filter>Source Files</Filter>
    </ClCompile>
    <ClCompile Include="itensor\util\h5\array_interface.cc">
      <Filter>Source Files</Filter>
    </ClCompile>
    <ClCompile Include="itensor\util\h5\file.cc">
      <Filter>Source Files</Filter>
    </ClCompile>
    <ClCompile Include="itensor\util\h5\group.cc">
      <Filter>Source Files</Filter>
    </ClCompile>
    <ClCompile Include="itensor\util\h5\h5object.cc">
      <Filter>Source Files</Filter>
    </ClCompile>
    <ClCompile Include="itensor\util\h5\stl\string.cc">
      <Filter>Source Files</Filter>
    </ClCompile>
    <ClCompile Include="itensor\util\h5\stl\vector.cc">
      <Filter>Source Files</Filter>
    </ClCompile>
  </ItemGroup>
</Project>